
Microsoft Visual Studio Solution File, Format Version 12.00
# Visual Studio 14
VisualStudioVersion = 14.0.25420.1
MinimumVisualStudioVersion = 10.0.40219.1
Project("{8BC9CEB8-8B4A-11D0-8D11-00A0C91BC942}") = "MFC定时器", "MFC定时器\MFC定时器.vcxproj", "{2BF07CE5-DDE1-4C86-AE29-75245476CE90}"
EndProject
Project("{8BC9CEB8-8B4A-11D0-8D11-00A0C91BC942}") = "MFC更新数值", "MFC更新数值\MFC更新数值.vcxproj", "{8B2233E5-4D52-47F2-8B49-D48610DB0903}"
EndProject
Project("{8BC9CEB8-8B4A-11D0-8D11-00A0C91BC942}") = "VS2010之MFC串口通信教程", "VS2010之MFC串口通信教程_定时发送\VS2010之MFC串口通信教程.vcxproj", "{26BB737A-37ED-48A0-9E25-B5E4CC20B19F}"
EndProject
Project("{FAE04EC0-301F-11D3-BF4B-00C04F79EFBC}") = "Serial", "Serial助手\Serial.csproj", "{4E09BBF5-94D8-47FA-A340-52E94F80B5D7}"
EndProject
Project("{8BC9CEB8-8B4A-11D0-8D11-00A0C91BC942}") = "VS2010之MFC串口通信教程_定时发送完整接收", "VS2010之MFC串口通信教程 - 定时发送完整接收\VS2010之MFC串口通信教程 - 定时发送完整接收.vcxproj", "{0DA49F4A-3862-4387-A8C6-4FBC48DE157A}"
EndProject
Global
	GlobalSection(SolutionConfigurationPlatforms) = preSolution
		Debug|x64 = Debug|x64
		Debug|x86 = Debug|x86
		Release|x64 = Release|x64
		Release|x86 = Release|x86
	EndGlobalSection
	GlobalSection(ProjectConfigurationPlatforms) = postSolution
		{2BF07CE5-DDE1-4C86-AE29-75245476CE90}.Debug|x64.ActiveCfg = Debug|x64
		{2BF07CE5-DDE1-4C86-AE29-75245476CE90}.Debug|x64.Build.0 = Debug|x64
		{2BF07CE5-DDE1-4C86-AE29-75245476CE90}.Debug|x86.ActiveCfg = Debug|Win32
		{2BF07CE5-DDE1-4C86-AE29-75245476CE90}.Debug|x86.Build.0 = Debug|Win32
		{2BF07CE5-DDE1-4C86-AE29-75245476CE90}.Release|x64.ActiveCfg = Release|x64
		{2BF07CE5-DDE1-4C86-AE29-75245476CE90}.Release|x64.Build.0 = Release|x64
		{2BF07CE5-DDE1-4C86-AE29-75245476CE90}.Release|x86.ActiveCfg = Release|Win32
		{2BF07CE5-DDE1-4C86-AE29-75245476CE90}.Release|x86.Build.0 = Release|Win32
		{8B2233E5-4D52-47F2-8B49-D48610DB0903}.Debug|x64.ActiveCfg = Debug|x64
		{8B2233E5-4D52-47F2-8B49-D48610DB0903}.Debug|x64.Build.0 = Debug|x64
		{8B2233E5-4D52-47F2-8B49-D48610DB0903}.Debug|x86.ActiveCfg = Debug|Win32
		{8B2233E5-4D52-47F2-8B49-D48610DB0903}.Debug|x86.Build.0 = Debug|Win32
		{8B2233E5-4D52-47F2-8B49-D48610DB0903}.Release|x64.ActiveCfg = Release|x64
		{8B2233E5-4D52-47F2-8B49-D48610DB0903}.Release|x64.Build.0 = Release|x64
		{8B2233E5-4D52-47F2-8B49-D48610DB0903}.Release|x86.ActiveCfg = Release|Win32
		{8B2233E5-4D52-47F2-8B49-D48610DB0903}.Release|x86.Build.0 = Release|Win32
		{26BB737A-37ED-48A0-9E25-B5E4CC20B19F}.Debug|x64.ActiveCfg = Debug|x64
		{26BB737A-37ED-48A0-9E25-B5E4CC20B19F}.Debug|x64.Build.0 = Debug|x64
		{26BB737A-37ED-48A0-9E25-B5E4CC20B19F}.Debug|x86.ActiveCfg = Debug|Win32
		{26BB737A-37ED-48A0-9E25-B5E4CC20B19F}.Debug|x86.Build.0 = Debug|Win32
		{26BB737A-37ED-48A0-9E25-B5E4CC20B19F}.Release|x64.ActiveCfg = Release|x64
		{26BB737A-37ED-48A0-9E25-B5E4CC20B19F}.Release|x64.Build.0 = Release|x64
		{26BB737A-37ED-48A0-9E25-B5E4CC20B19F}.Release|x86.ActiveCfg = Release|Win32
		{26BB737A-37ED-48A0-9E25-B5E4CC20B19F}.Release|x86.Build.0 = Release|Win32
		{4E09BBF5-94D8-47FA-A340-52E94F80B5D7}.Debug|x64.ActiveCfg = Debug|x86
		{4E09BBF5-94D8-47FA-A340-52E94F80B5D7}.Debug|x86.ActiveCfg = Debug|x86
		{4E09BBF5-94D8-47FA-A340-52E94F80B5D7}.Debug|x86.Build.0 = Debug|x86
		{4E09BBF5-94D8-47FA-A340-52E94F80B5D7}.Release|x64.ActiveCfg = Release|x86
		{4E09BBF5-94D8-47FA-A340-52E94F80B5D7}.Release|x86.ActiveCfg = Release|x86
		{4E09BBF5-94D8-47FA-A340-52E94F80B5D7}.Release|x86.Build.0 = Release|x86
		{0DA49F4A-3862-4387-A8C6-4FBC48DE157A}.Debug|x64.ActiveCfg = Debug|x64
		{0DA49F4A-3862-4387-A8C6-4FBC48DE157A}.Debug|x64.Build.0 = Debug|x64
		{0DA49F4A-3862-4387-A8C6-4FBC48DE157A}.Debug|x86.ActiveCfg = Debug|Win32
		{0DA49F4A-3862-4387-A8C6-4FBC48DE157A}.Debug|x86.Build.0 = Debug|Win32
		{0DA49F4A-3862-4387-A8C6-4FBC48DE157A}.Release|x64.ActiveCfg = Release|x64
		{0DA49F4A-3862-4387-A8C6-4FBC48DE157A}.Release|x64.Build.0 = Release|x64
		{0DA49F4A-3862-4387-A8C6-4FBC48DE157A}.Release|x86.ActiveCfg = Release|Win32
		{0DA49F4A-3862-4387-A8C6-4FBC48DE157A}.Release|x86.Build.0 = Release|Win32
	EndGlobalSection
	GlobalSection(SolutionProperties) = preSolution
		HideSolutionNode = FALSE
	EndGlobalSection
EndGlobal
